{
  "name": "api-practice",
  "version": "1.0.0",
  "lockfileVersion": 2,
  "requires": true,
  "packages": {
    "": {
      "name": "api-practice",
      "version": "1.0.0",
      "license": "ISC"
    },
    "client": {
      "version": "1.0.0",
      "extraneous": true,
      "license": "ISC",
      "dependencies": {
        "axios": "^0.27.2",
        "next": "^12.2.4",
        "react": "^18.2.0",
        "react-dom": "^18.2.0",
        "sass": "^1.54.4"
      },
      "devDependencies": {
        "webpack": "^5.74.0"
      }
    }
  }
}
